{
  "name": "node",
  "version": "1.0.0",
  "lockfileVersion": 1,
  "requires": true,
  "dependencies": {
    "@google/maps": {
      "version": "0.4.5",
      "resolved": "https://registry.npmjs.org/@google/maps/-/maps-0.4.5.tgz",
      "integrity": "sha1-cuuc+OfelEYZJF0Pjz+WlXHqhNg="
    },
    "dotenv": {
      "version": "5.0.1",
      "resolved": "https://registry.npmjs.org/dotenv/-/dotenv-5.0.1.tgz",
      "integrity": "sha512-4As8uPrjfwb7VXC+WnLCbXK7y+Ueb2B3zgNCePYfhxS1PYeaO1YTeplffTEcbfLhvFNGLAz90VvJs9yomG7bow=="
    }
  }
}
